
Microsoft Visual Studio Solution File, Format Version 12.00
# Visual Studio Version 16
VisualStudioVersion = 16.0.30907.101
MinimumVisualStudioVersion = 10.0.40219.1
Project("{888888A0-9F3D-457C-B088-3A5042F75D52}") = "TavernAI-RPC", "TavernAI-RPC\TavernAI-RPC.pyproj", "{527DF84E-7E8A-480E-B766-DB8459EEE717}"
EndProject
Global
	GlobalSection(SolutionConfigurationPlatforms) = preSolution
		Debug|Any CPU = Debug|Any CPU
		Release|Any CPU = Release|Any CPU
	EndGlobalSection
	GlobalSection(ProjectConfigurationPlatforms) = postSolution
		{527DF84E-7E8A-480E-B766-DB8459EEE717}.Debug|Any CPU.ActiveCfg = Debug|Any CPU
		{527DF84E-7E8A-480E-B766-DB8459EEE717}.Release|Any CPU.ActiveCfg = Release|Any CPU
	EndGlobalSection
	GlobalSection(SolutionProperties) = preSolution
		HideSolutionNode = FALSE
	EndGlobalSection
	GlobalSection(ExtensibilityGlobals) = postSolution
		SolutionGuid = {681446C9-1F07-4BFF-A266-E68531D3EFC5}
	EndGlobalSection
EndGlobal
